
Microsoft Visual Studio Solution File, Format Version 12.00
# Visual Studio 15
VisualStudioVersion = 15.0.27703.1
MinimumVisualStudioVersion = 10.0.40219.1
Project("{FAE04EC0-301F-11D3-BF4B-00C04F79EFBC}") = "ArraysDataStructure", "ArraysDataStructure\ArraysDataStructure.csproj", "{534B4053-E340-4591-B9A8-F25769A5B4FD}"
EndProject
Global
	GlobalSection(SolutionConfigurationPlatforms) = preSolution
		Debug|Any CPU = Debug|Any CPU
		Release|Any CPU = Release|Any CPU
	EndGlobalSection
	GlobalSection(ProjectConfigurationPlatforms) = postSolution
		{534B4053-E340-4591-B9A8-F25769A5B4FD}.Debug|Any CPU.ActiveCfg = Debug|Any CPU
		{534B4053-E340-4591-B9A8-F25769A5B4FD}.Debug|Any CPU.Build.0 = Debug|Any CPU
		{534B4053-E340-4591-B9A8-F25769A5B4FD}.Release|Any CPU.ActiveCfg = Release|Any CPU
		{534B4053-E340-4591-B9A8-F25769A5B4FD}.Release|Any CPU.Build.0 = Release|Any CPU
	EndGlobalSection
	GlobalSection(SolutionProperties) = preSolution
		HideSolutionNode = FALSE
	EndGlobalSection
	GlobalSection(ExtensibilityGlobals) = postSolution
		SolutionGuid = {3F6AC505-0C2C-4DF3-872F-0B5989B5227F}
	EndGlobalSection
EndGlobal
