
Microsoft Visual Studio Solution File, Format Version 12.00
# Visual Studio 15
VisualStudioVersion = 15.0.27703.1
MinimumVisualStudioVersion = 10.0.40219.1
Project("{FAE04EC0-301F-11D3-BF4B-00C04F79EFBC}") = "LinkedListDatastructure", "LinkedListDatastructure\LinkedListDatastructure.csproj", "{BBE1630A-7EF4-4FBB-942D-92CC9F3D25C7}"
EndProject
Global
	GlobalSection(SolutionConfigurationPlatforms) = preSolution
		Debug|Any CPU = Debug|Any CPU
		Release|Any CPU = Release|Any CPU
	EndGlobalSection
	GlobalSection(ProjectConfigurationPlatforms) = postSolution
		{BBE1630A-7EF4-4FBB-942D-92CC9F3D25C7}.Debug|Any CPU.ActiveCfg = Debug|Any CPU
		{BBE1630A-7EF4-4FBB-942D-92CC9F3D25C7}.Debug|Any CPU.Build.0 = Debug|Any CPU
		{BBE1630A-7EF4-4FBB-942D-92CC9F3D25C7}.Release|Any CPU.ActiveCfg = Release|Any CPU
		{BBE1630A-7EF4-4FBB-942D-92CC9F3D25C7}.Release|Any CPU.Build.0 = Release|Any CPU
	EndGlobalSection
	GlobalSection(SolutionProperties) = preSolution
		HideSolutionNode = FALSE
	EndGlobalSection
	GlobalSection(ExtensibilityGlobals) = postSolution
		SolutionGuid = {3FA2C31B-FCC9-4DF3-A935-C744257C6FFE}
	EndGlobalSection
EndGlobal
